// !$*UTF8*$!
{
	archiveVersion = 1;
	classes = {
	};
	objectVersion = 56;
	objects = {

/* Begin PBXBuildFile section */
		68632E6A2BD2C31F002009C6 /* MyProfileView.swift in Sources */ = {isa = PBXBuildFile; fileRef = 68632E692BD2C31F002009C6 /* MyProfileView.swift */; };
		68F9BBFF2BD17CB600611D1E /* ProfileOptions.swift in Sources */ = {isa = PBXBuildFile; fileRef = 68F9BBFE2BD17CB600611D1E /* ProfileOptions.swift */; };
		68F9BC042BD1A77800611D1E /* SettingsPageView.swift in Sources */ = {isa = PBXBuildFile; fileRef = 68F9BC032BD1A77800611D1E /* SettingsPageView.swift */; };
		8210B4DB2BA4A1EF00E3B2EE /* MainView.swift in Sources */ = {isa = PBXBuildFile; fileRef = 8210B4DA2BA4A1EF00E3B2EE /* MainView.swift */; };
		823A3B762BC9911400CB0A38 /* HomePageViewFunctions.swift in Sources */ = {isa = PBXBuildFile; fileRef = 823A3B752BC9911400CB0A38 /* HomePageViewFunctions.swift */; };
		823A3B7D2BCED3A300CB0A38 /* TasksFunctions.swift in Sources */ = {isa = PBXBuildFile; fileRef = 823A3B7C2BCED3A300CB0A38 /* TasksFunctions.swift */; };
		82749E802BDAB4BF005F05C1 /* OldTasksBanner.swift in Sources */ = {isa = PBXBuildFile; fileRef = 82749E7F2BDAB4BF005F05C1 /* OldTasksBanner.swift */; };
		82749E822BDBE493005F05C1 /* OldTasksView.swift in Sources */ = {isa = PBXBuildFile; fileRef = 82749E812BDBE492005F05C1 /* OldTasksView.swift */; };
		829E95052BB1D35400D6D676 /* AddTaskView.swift in Sources */ = {isa = PBXBuildFile; fileRef = 829E95042BB1D35400D6D676 /* AddTaskView.swift */; };
		82BCB3502BC59C4900F5CE22 /* TaskBanner.swift in Sources */ = {isa = PBXBuildFile; fileRef = 82BCB34F2BC59C4900F5CE22 /* TaskBanner.swift */; };
		82BCB3522BC83ACD00F5CE22 /* TaskBannerHomePage.swift in Sources */ = {isa = PBXBuildFile; fileRef = 82BCB3512BC83ACD00F5CE22 /* TaskBannerHomePage.swift */; };
		82EB3FC32B9F63740058F23D /* ScheduleMasterApp.swift in Sources */ = {isa = PBXBuildFile; fileRef = 82EB3FC22B9F63740058F23D /* ScheduleMasterApp.swift */; };
		82EB3FC52B9F63740058F23D /* HomePageView.swift in Sources */ = {isa = PBXBuildFile; fileRef = 82EB3FC42B9F63740058F23D /* HomePageView.swift */; };
		82EB3FC72B9F63770058F23D /* Assets.xcassets in Resources */ = {isa = PBXBuildFile; fileRef = 82EB3FC62B9F63770058F23D /* Assets.xcassets */; };
		82EB3FCA2B9F63770058F23D /* Preview Assets.xcassets in Resources */ = {isa = PBXBuildFile; fileRef = 82EB3FC92B9F63770058F23D /* Preview Assets.xcassets */; };
		B467820C2BA4A0170004B930 /* TasksPageView.swift in Sources */ = {isa = PBXBuildFile; fileRef = B467820B2BA4A0170004B930 /* TasksPageView.swift */; };
		B467820E2BA4A19A0004B930 /* CalendarPageView.swift in Sources */ = {isa = PBXBuildFile; fileRef = B467820D2BA4A19A0004B930 /* CalendarPageView.swift */; };
		B46782122BA4D4C60004B930 /* Date+Extention.swift in Sources */ = {isa = PBXBuildFile; fileRef = B46782112BA4D4C60004B930 /* Date+Extention.swift */; };
		B49603412BB5C59E00918BE8 /* TaskViewsIntoCalendarView.swift in Sources */ = {isa = PBXBuildFile; fileRef = B49603402BB5C59E00918BE8 /* TaskViewsIntoCalendarView.swift */; };
/* End PBXBuildFile section */

/* Begin PBXFileReference section */
		68632E692BD2C31F002009C6 /* MyProfileView.swift */ = {isa = PBXFileReference; lastKnownFileType = sourcecode.swift; path = MyProfileView.swift; sourceTree = "<group>"; };
		68F9BBFE2BD17CB600611D1E /* ProfileOptions.swift */ = {isa = PBXFileReference; lastKnownFileType = sourcecode.swift; path = ProfileOptions.swift; sourceTree = "<group>"; };
		68F9BC032BD1A77800611D1E /* SettingsPageView.swift */ = {isa = PBXFileReference; lastKnownFileType = sourcecode.swift; path = SettingsPageView.swift; sourceTree = "<group>"; };
		8210B4DA2BA4A1EF00E3B2EE /* MainView.swift */ = {isa = PBXFileReference; lastKnownFileType = sourcecode.swift; path = MainView.swift; sourceTree = "<group>"; };
		823A3B752BC9911400CB0A38 /* HomePageViewFunctions.swift */ = {isa = PBXFileReference; lastKnownFileType = sourcecode.swift; path = HomePageViewFunctions.swift; sourceTree = "<group>"; };
		823A3B7C2BCED3A300CB0A38 /* TasksFunctions.swift */ = {isa = PBXFileReference; lastKnownFileType = sourcecode.swift; path = TasksFunctions.swift; sourceTree = "<group>"; };
		82749E7F2BDAB4BF005F05C1 /* OldTasksBanner.swift */ = {isa = PBXFileReference; lastKnownFileType = sourcecode.swift; path = OldTasksBanner.swift; sourceTree = "<group>"; };
		82749E812BDBE492005F05C1 /* OldTasksView.swift */ = {isa = PBXFileReference; lastKnownFileType = sourcecode.swift; path = OldTasksView.swift; sourceTree = "<group>"; };
		829E95042BB1D35400D6D676 /* AddTaskView.swift */ = {isa = PBXFileReference; lastKnownFileType = sourcecode.swift; path = AddTaskView.swift; sourceTree = "<group>"; };
		82BCB34F2BC59C4900F5CE22 /* TaskBanner.swift */ = {isa = PBXFileReference; lastKnownFileType = sourcecode.swift; path = TaskBanner.swift; sourceTree = "<group>"; };
		82BCB3512BC83ACD00F5CE22 /* TaskBannerHomePage.swift */ = {isa = PBXFileReference; lastKnownFileType = sourcecode.swift; path = TaskBannerHomePage.swift; sourceTree = "<group>"; };
		82EB3FBF2B9F63740058F23D /* ScheduleMaster.app */ = {isa = PBXFileReference; explicitFileType = wrapper.application; includeInIndex = 0; path = ScheduleMaster.app; sourceTree = BUILT_PRODUCTS_DIR; };
		82EB3FC22B9F63740058F23D /* ScheduleMasterApp.swift */ = {isa = PBXFileReference; lastKnownFileType = sourcecode.swift; path = ScheduleMasterApp.swift; sourceTree = "<group>"; };
		82EB3FC42B9F63740058F23D /* HomePageView.swift */ = {isa = PBXFileReference; lastKnownFileType = sourcecode.swift; path = HomePageView.swift; sourceTree = "<group>"; };
		82EB3FC62B9F63770058F23D /* Assets.xcassets */ = {isa = PBXFileReference; lastKnownFileType = folder.assetcatalog; path = Assets.xcassets; sourceTree = "<group>"; };
		82EB3FC92B9F63770058F23D /* Preview Assets.xcassets */ = {isa = PBXFileReference; lastKnownFileType = folder.assetcatalog; path = "Preview Assets.xcassets"; sourceTree = "<group>"; };
		B467820B2BA4A0170004B930 /* TasksPageView.swift */ = {isa = PBXFileReference; lastKnownFileType = sourcecode.swift; path = TasksPageView.swift; sourceTree = "<group>"; };
		B467820D2BA4A19A0004B930 /* CalendarPageView.swift */ = {isa = PBXFileReference; lastKnownFileType = sourcecode.swift; path = CalendarPageView.swift; sourceTree = "<group>"; };
		B46782112BA4D4C60004B930 /* Date+Extention.swift */ = {isa = PBXFileReference; lastKnownFileType = sourcecode.swift; path = "Date+Extention.swift"; sourceTree = "<group>"; };
		B49603402BB5C59E00918BE8 /* TaskViewsIntoCalendarView.swift */ = {isa = PBXFileReference; lastKnownFileType = sourcecode.swift; path = TaskViewsIntoCalendarView.swift; sourceTree = "<group>"; };
/* End PBXFileReference section */

/* Begin PBXFrameworksBuildPhase section */
		82EB3FBC2B9F63740058F23D /* Frameworks */ = {
			isa = PBXFrameworksBuildPhase;
			buildActionMask = 2147483647;
			files = (
			);
			runOnlyForDeploymentPostprocessing = 0;
		};
/* End PBXFrameworksBuildPhase section */

/* Begin PBXGroup section */
		68F9BC002BD17CEF00611D1E /* Profile */ = {
			isa = PBXGroup;
			children = (
				68F9BBFE2BD17CB600611D1E /* ProfileOptions.swift */,
				82749E812BDBE492005F05C1 /* OldTasksView.swift */,
				68F9BC032BD1A77800611D1E /* SettingsPageView.swift */,
				68632E692BD2C31F002009C6 /* MyProfileView.swift */,
				82749E7F2BDAB4BF005F05C1 /* OldTasksBanner.swift */,
			);
			path = Profile;
			sourceTree = "<group>";
		};
		823A3B772BC9911B00CB0A38 /* HomePage */ = {
			isa = PBXGroup;
			children = (
				82EB3FC42B9F63740058F23D /* HomePageView.swift */,
				823A3B752BC9911400CB0A38 /* HomePageViewFunctions.swift */,
				82BCB3512BC83ACD00F5CE22 /* TaskBannerHomePage.swift */,
			);
			path = HomePage;
			sourceTree = "<group>";
		};
		823A3B782BCD7F4A00CB0A38 /* TaskPage */ = {
			isa = PBXGroup;
			children = (
				B467820B2BA4A0170004B930 /* TasksPageView.swift */,
				829E95042BB1D35400D6D676 /* AddTaskView.swift */,
				82BCB34F2BC59C4900F5CE22 /* TaskBanner.swift */,
				823A3B7C2BCED3A300CB0A38 /* TasksFunctions.swift */,
			);
			path = TaskPage;
			sourceTree = "<group>";
		};
		823A3B792BCD806D00CB0A38 /* CalendarPage */ = {
			isa = PBXGroup;
			children = (
				B49603402BB5C59E00918BE8 /* TaskViewsIntoCalendarView.swift */,
				B467820D2BA4A19A0004B930 /* CalendarPageView.swift */,
				B46782132BA4D4D80004B930 /* CalendarFiles */,
			);
			path = CalendarPage;
			sourceTree = "<group>";
		};
		82EB3FB62B9F63740058F23D = {
			isa = PBXGroup;
			children = (
				82EB3FC12B9F63740058F23D /* ScheduleMaster */,
				82EB3FC02B9F63740058F23D /* Products */,
			);
			sourceTree = "<group>";
		};
		82EB3FC02B9F63740058F23D /* Products */ = {
			isa = PBXGroup;
			children = (
				82EB3FBF2B9F63740058F23D /* ScheduleMaster.app */,
			);
			name = Products;
			sourceTree = "<group>";
		};
		82EB3FC12B9F63740058F23D /* ScheduleMaster */ = {
			isa = PBXGroup;
			children = (
				82EB3FC22B9F63740058F23D /* ScheduleMasterApp.swift */,
				8210B4DA2BA4A1EF00E3B2EE /* MainView.swift */,
				B467820A2BA49FFC0004B930 /* PageView */,
				82EB3FC62B9F63770058F23D /* Assets.xcassets */,
				82EB3FC82B9F63770058F23D /* Preview Content */,
			);
			path = ScheduleMaster;
			sourceTree = "<group>";
		};
		82EB3FC82B9F63770058F23D /* Preview Content */ = {
			isa = PBXGroup;
			children = (
				82EB3FC92B9F63770058F23D /* Preview Assets.xcassets */,
			);
			path = "Preview Content";
			sourceTree = "<group>";
		};
		B467820A2BA49FFC0004B930 /* PageView */ = {
			isa = PBXGroup;
			children = (
				68F9BC002BD17CEF00611D1E /* Profile */,
				823A3B772BC9911B00CB0A38 /* HomePage */,
				823A3B792BCD806D00CB0A38 /* CalendarPage */,
				823A3B782BCD7F4A00CB0A38 /* TaskPage */,
			);
			path = PageView;
			sourceTree = "<group>";
		};
		B46782132BA4D4D80004B930 /* CalendarFiles */ = {
			isa = PBXGroup;
			children = (
				B46782112BA4D4C60004B930 /* Date+Extention.swift */,
			);
			path = CalendarFiles;
			sourceTree = "<group>";
		};
/* End PBXGroup section */

/* Begin PBXNativeTarget section */
		82EB3FBE2B9F63740058F23D /* ScheduleMaster */ = {
			isa = PBXNativeTarget;
			buildConfigurationList = 82EB3FCD2B9F63770058F23D /* Build configuration list for PBXNativeTarget "ScheduleMaster" */;
			buildPhases = (
				82EB3FBB2B9F63740058F23D /* Sources */,
				82EB3FBC2B9F63740058F23D /* Frameworks */,
				82EB3FBD2B9F63740058F23D /* Resources */,
			);
			buildRules = (
			);
			dependencies = (
			);
			name = ScheduleMaster;
			productName = ScheduleMaster;
			productReference = 82EB3FBF2B9F63740058F23D /* ScheduleMaster.app */;
			productType = "com.apple.product-type.application";
		};
/* End PBXNativeTarget section */

/* Begin PBXProject section */
		82EB3FB72B9F63740058F23D /* Project object */ = {
			isa = PBXProject;
			attributes = {
				BuildIndependentTargetsInParallel = 1;
				LastSwiftUpdateCheck = 1520;
				LastUpgradeCheck = 1520;
				TargetAttributes = {
					82EB3FBE2B9F63740058F23D = {
						CreatedOnToolsVersion = 15.2;
					};
				};
			};
			buildConfigurationList = 82EB3FBA2B9F63740058F23D /* Build configuration list for PBXProject "ScheduleMaster" */;
			compatibilityVersion = "Xcode 14.0";
			developmentRegion = en;
			hasScannedForEncodings = 0;
			knownRegions = (
				en,
				Base,
			);
			mainGroup = 82EB3FB62B9F63740058F23D;
			productRefGroup = 82EB3FC02B9F63740058F23D /* Products */;
			projectDirPath = "";
			projectRoot = "";
			targets = (
				82EB3FBE2B9F63740058F23D /* ScheduleMaster */,
			);
		};
/* End PBXProject section */

/* Begin PBXResourcesBuildPhase section */
		82EB3FBD2B9F63740058F23D /* Resources */ = {
			isa = PBXResourcesBuildPhase;
			buildActionMask = 2147483647;
			files = (
				82EB3FCA2B9F63770058F23D /* Preview Assets.xcassets in Resources */,
				82EB3FC72B9F63770058F23D /* Assets.xcassets in Resources */,
			);
			runOnlyForDeploymentPostprocessing = 0;
		};
/* End PBXResourcesBuildPhase section */

/* Begin PBXSourcesBuildPhase section */
		82EB3FBB2B9F63740058F23D /* Sources */ = {
			isa = PBXSourcesBuildPhase;
			buildActionMask = 2147483647;
			files = (
				68632E6A2BD2C31F002009C6 /* MyProfileView.swift in Sources */,
				68F9BBFF2BD17CB600611D1E /* ProfileOptions.swift in Sources */,
				8210B4DB2BA4A1EF00E3B2EE /* MainView.swift in Sources */,
				823A3B762BC9911400CB0A38 /* HomePageViewFunctions.swift in Sources */,
				82749E822BDBE493005F05C1 /* OldTasksView.swift in Sources */,
				823A3B7D2BCED3A300CB0A38 /* TasksFunctions.swift in Sources */,
				82749E802BDAB4BF005F05C1 /* OldTasksBanner.swift in Sources */,
				82EB3FC52B9F63740058F23D /* HomePageView.swift in Sources */,
				829E95052BB1D35400D6D676 /* AddTaskView.swift in Sources */,
				82BCB3502BC59C4900F5CE22 /* TaskBanner.swift in Sources */,
				B49603412BB5C59E00918BE8 /* TaskViewsIntoCalendarView.swift in Sources */,
				B46782122BA4D4C60004B930 /* Date+Extention.swift in Sources */,
				82EB3FC32B9F63740058F23D /* ScheduleMasterApp.swift in Sources */,
				B467820C2BA4A0170004B930 /* TasksPageView.swift in Sources */,
				82BCB3522BC83ACD00F5CE22 /* TaskBannerHomePage.swift in Sources */,
				B467820E2BA4A19A0004B930 /* CalendarPageView.swift in Sources */,
				68F9BC042BD1A77800611D1E /* SettingsPageView.swift in Sources */,
			);
			runOnlyForDeploymentPostprocessing = 0;
		};
/* End PBXSourcesBuildPhase section */

/* Begin XCBuildConfiguration section */
		82EB3FCB2B9F63770058F23D /* Debug */ = {
			isa = XCBuildConfiguration;
			buildSettings = {
				ALWAYS_SEARCH_USER_PATHS = NO;
				ASSETCATALOG_COMPILER_GENERATE_SWIFT_ASSET_SYMBOL_EXTENSIONS = YES;
				CLANG_ANALYZER_NONNULL = YES;
				CLANG_ANALYZER_NUMBER_OBJECT_CONVERSION = YES_AGGRESSIVE;
				CLANG_CXX_LANGUAGE_STANDARD = "gnu++20";
				CLANG_ENABLE_MODULES = YES;
				CLANG_ENABLE_OBJC_ARC = YES;
				CLANG_ENABLE_OBJC_WEAK = YES;
				CLANG_WARN_BLOCK_CAPTURE_AUTORELEASING = YES;
				CLANG_WARN_BOOL_CONVERSION = YES;
				CLANG_WARN_COMMA = YES;
				CLANG_WARN_CONSTANT_CONVERSION = YES;
				CLANG_WARN_DEPRECATED_OBJC_IMPLEMENTATIONS = YES;
				CLANG_WARN_DIRECT_OBJC_ISA_USAGE = YES_ERROR;
				CLANG_WARN_DOCUMENTATION_COMMENTS = YES;
				CLANG_WARN_EMPTY_BODY = YES;
				CLANG_WARN_ENUM_CONVERSION = YES;
				CLANG_WARN_INFINITE_RECURSION = YES;
				CLANG_WARN_INT_CONVERSION = YES;
				CLANG_WARN_NON_LITERAL_NULL_CONVERSION = YES;
				CLANG_WARN_OBJC_IMPLICIT_RETAIN_SELF = YES;
				CLANG_WARN_OBJC_LITERAL_CONVERSION = YES;
				CLANG_WARN_OBJC_ROOT_CLASS = YES_ERROR;
				CLANG_WARN_QUOTED_INCLUDE_IN_FRAMEWORK_HEADER = YES;
				CLANG_WARN_RANGE_LOOP_ANALYSIS = YES;
				CLANG_WARN_STRICT_PROTOTYPES = YES;
				CLANG_WARN_SUSPICIOUS_MOVE = YES;
				CLANG_WARN_UNGUARDED_AVAILABILITY = YES_AGGRESSIVE;
				CLANG_WARN_UNREACHABLE_CODE = YES;
				CLANG_WARN__DUPLICATE_METHOD_MATCH = YES;
				COPY_PHASE_STRIP = NO;
				DEBUG_INFORMATION_FORMAT = dwarf;
				ENABLE_STRICT_OBJC_MSGSEND = YES;
				ENABLE_TESTABILITY = YES;
				ENABLE_USER_SCRIPT_SANDBOXING = YES;
				GCC_C_LANGUAGE_STANDARD = gnu17;
				GCC_DYNAMIC_NO_PIC = NO;
				GCC_NO_COMMON_BLOCKS = YES;
				GCC_OPTIMIZATION_LEVEL = 0;
				GCC_PREPROCESSOR_DEFINITIONS = (
					"DEBUG=1",
					"$(inherited)",
				);
				GCC_WARN_64_TO_32_BIT_CONVERSION = YES;
				GCC_WARN_ABOUT_RETURN_TYPE = YES_ERROR;
				GCC_WARN_UNDECLARED_SELECTOR = YES;
				GCC_WARN_UNINITIALIZED_AUTOS = YES_AGGRESSIVE;
				GCC_WARN_UNUSED_FUNCTION = YES;
				GCC_WARN_UNUSED_VARIABLE = YES;
				IPHONEOS_DEPLOYMENT_TARGET = 17.2;
				LOCALIZATION_PREFERS_STRING_CATALOGS = YES;
				MTL_ENABLE_DEBUG_INFO = INCLUDE_SOURCE;
				MTL_FAST_MATH = YES;
				ONLY_ACTIVE_ARCH = YES;
				SDKROOT = iphoneos;
				SWIFT_ACTIVE_COMPILATION_CONDITIONS = "DEBUG $(inherited)";
				SWIFT_OPTIMIZATION_LEVEL = "-Onone";
			};
			name = Debug;
		};
		82EB3FCC2B9F63770058F23D /* Release */ = {
			isa = XCBuildConfiguration;
			buildSettings = {
				ALWAYS_SEARCH_USER_PATHS = NO;
				ASSETCATALOG_COMPILER_GENERATE_SWIFT_ASSET_SYMBOL_EXTENSIONS = YES;
				CLANG_ANALYZER_NONNULL = YES;
				CLANG_ANALYZER_NUMBER_OBJECT_CONVERSION = YES_AGGRESSIVE;
				CLANG_CXX_LANGUAGE_STANDARD = "gnu++20";
				CLANG_ENABLE_MODULES = YES;
				CLANG_ENABLE_OBJC_ARC = YES;
				CLANG_ENABLE_OBJC_WEAK = YES;
				CLANG_WARN_BLOCK_CAPTURE_AUTORELEASING = YES;
				CLANG_WARN_BOOL_CONVERSION = YES;
				CLANG_WARN_COMMA = YES;
				CLANG_WARN_CONSTANT_CONVERSION = YES;
				CLANG_WARN_DEPRECATED_OBJC_IMPLEMENTATIONS = YES;
				CLANG_WARN_DIRECT_OBJC_ISA_USAGE = YES_ERROR;
				CLANG_WARN_DOCUMENTATION_COMMENTS = YES;
				CLANG_WARN_EMPTY_BODY = YES;
				CLANG_WARN_ENUM_CONVERSION = YES;
				CLANG_WARN_INFINITE_RECURSION = YES;
				CLANG_WARN_INT_CONVERSION = YES;
				CLANG_WARN_NON_LITERAL_NULL_CONVERSION = YES;
				CLANG_WARN_OBJC_IMPLICIT_RETAIN_SELF = YES;
				CLANG_WARN_OBJC_LITERAL_CONVERSION = YES;
				CLANG_WARN_OBJC_ROOT_CLASS = YES_ERROR;
				CLANG_WARN_QUOTED_INCLUDE_IN_FRAMEWORK_HEADER = YES;
				CLANG_WARN_RANGE_LOOP_ANALYSIS = YES;
				CLANG_WARN_STRICT_PROTOTYPES = YES;
				CLANG_WARN_SUSPICIOUS_MOVE = YES;
				CLANG_WARN_UNGUARDED_AVAILABILITY = YES_AGGRESSIVE;
				CLANG_WARN_UNREACHABLE_CODE = YES;
				CLANG_WARN__DUPLICATE_METHOD_MATCH = YES;
				COPY_PHASE_STRIP = NO;
				DEBUG_INFORMATION_FORMAT = "dwarf-with-dsym";
				ENABLE_NS_ASSERTIONS = NO;
				ENABLE_STRICT_OBJC_MSGSEND = YES;
				ENABLE_USER_SCRIPT_SANDBOXING = YES;
				GCC_C_LANGUAGE_STANDARD = gnu17;
				GCC_NO_COMMON_BLOCKS = YES;
				GCC_WARN_64_TO_32_BIT_CONVERSION = YES;
				GCC_WARN_ABOUT_RETURN_TYPE = YES_ERROR;
				GCC_WARN_UNDECLARED_SELECTOR = YES;
				GCC_WARN_UNINITIALIZED_AUTOS = YES_AGGRESSIVE;
				GCC_WARN_UNUSED_FUNCTION = YES;
				GCC_WARN_UNUSED_VARIABLE = YES;
				IPHONEOS_DEPLOYMENT_TARGET = 17.2;
				LOCALIZATION_PREFERS_STRING_CATALOGS = YES;
				MTL_ENABLE_DEBUG_INFO = NO;
				MTL_FAST_MATH = YES;
				SDKROOT = iphoneos;
				SWIFT_COMPILATION_MODE = wholemodule;
				VALIDATE_PRODUCT = YES;
			};
			name = Release;
		};
		82EB3FCE2B9F63770058F23D /* Debug */ = {
			isa = XCBuildConfiguration;
			buildSettings = {
				ASSETCATALOG_COMPILER_APPICON_NAME = AppIcon;
				ASSETCATALOG_COMPILER_GLOBAL_ACCENT_COLOR_NAME = AccentColor;
				CODE_SIGN_STYLE = Automatic;
				CURRENT_PROJECT_VERSION = 1;
				DEVELOPMENT_ASSET_PATHS = "\"ScheduleMaster/Preview Content\"";
				ENABLE_PREVIEWS = YES;
				GENERATE_INFOPLIST_FILE = YES;
				INFOPLIST_KEY_UIApplicationSceneManifest_Generation = YES;
				INFOPLIST_KEY_UIApplicationSupportsIndirectInputEvents = YES;
				INFOPLIST_KEY_UILaunchScreen_Generation = YES;
				INFOPLIST_KEY_UISupportedInterfaceOrientations_iPad = "UIInterfaceOrientationPortrait UIInterfaceOrientationPortraitUpsideDown UIInterfaceOrientationLandscapeLeft UIInterfaceOrientationLandscapeRight";
				INFOPLIST_KEY_UISupportedInterfaceOrientations_iPhone = "UIInterfaceOrientationPortrait UIInterfaceOrientationLandscapeLeft UIInterfaceOrientationLandscapeRight";
				LD_RUNPATH_SEARCH_PATHS = (
					"$(inherited)",
					"@executable_path/Frameworks",
				);
				MARKETING_VERSION = 1.0;
				PRODUCT_BUNDLE_IDENTIFIER = "Ep-school.ScheduleMaster";
				PRODUCT_NAME = "$(TARGET_NAME)";
				SWIFT_EMIT_LOC_STRINGS = YES;
				SWIFT_VERSION = 5.0;
				TARGETED_DEVICE_FAMILY = "1,2";
			};
			name = Debug;
		};
		82EB3FCF2B9F63770058F23D /* Release */ = {
			isa = XCBuildConfiguration;
			buildSettings = {
				ASSETCATALOG_COMPILER_APPICON_NAME = AppIcon;
				ASSETCATALOG_COMPILER_GLOBAL_ACCENT_COLOR_NAME = AccentColor;
				CODE_SIGN_STYLE = Automatic;
				CURRENT_PROJECT_VERSION = 1;
				DEVELOPMENT_ASSET_PATHS = "\"ScheduleMaster/Preview Content\"";
				ENABLE_PREVIEWS = YES;
				GENERATE_INFOPLIST_FILE = YES;
				INFOPLIST_KEY_UIApplicationSceneManifest_Generation = YES;
				INFOPLIST_KEY_UIApplicationSupportsIndirectInputEvents = YES;
				INFOPLIST_KEY_UILaunchScreen_Generation = YES;
				INFOPLIST_KEY_UISupportedInterfaceOrientations_iPad = "UIInterfaceOrientationPortrait UIInterfaceOrientationPortraitUpsideDown UIInterfaceOrientationLandscapeLeft UIInterfaceOrientationLandscapeRight";
				INFOPLIST_KEY_UISupportedInterfaceOrientations_iPhone = "UIInterfaceOrientationPortrait UIInterfaceOrientationLandscapeLeft UIInterfaceOrientationLandscapeRight";
				LD_RUNPATH_SEARCH_PATHS = (
					"$(inherited)",
					"@executable_path/Frameworks",
				);
				MARKETING_VERSION = 1.0;
				PRODUCT_BUNDLE_IDENTIFIER = "Ep-school.ScheduleMaster";
				PRODUCT_NAME = "$(TARGET_NAME)";
				SWIFT_EMIT_LOC_STRINGS = YES;
				SWIFT_VERSION = 5.0;
				TARGETED_DEVICE_FAMILY = "1,2";
			};
			name = Release;
		};
/* End XCBuildConfiguration section */

/* Begin XCConfigurationList section */
		82EB3FBA2B9F63740058F23D /* Build configuration list for PBXProject "ScheduleMaster" */ = {
			isa = XCConfigurationList;
			buildConfigurations = (
				82EB3FCB2B9F63770058F23D /* Debug */,
				82EB3FCC2B9F63770058F23D /* Release */,
			);
			defaultConfigurationIsVisible = 0;
			defaultConfigurationName = Release;
		};
		82EB3FCD2B9F63770058F23D /* Build configuration list for PBXNativeTarget "ScheduleMaster" */ = {
			isa = XCConfigurationList;
			buildConfigurations = (
				82EB3FCE2B9F63770058F23D /* Debug */,
				82EB3FCF2B9F63770058F23D /* Release */,
			);
			defaultConfigurationIsVisible = 0;
			defaultConfigurationName = Release;
		};
/* End XCConfigurationList section */
	};
	rootObject = 82EB3FB72B9F63740058F23D /* Project object */;
}
